github.com/go-chi/chi v1.5.4 h1:QHdzF2szwjqVV4wmByUnTcsbIg7UGaQ0tPF2t5GcAIs=
github.com/go-chi/chi v1.5.4/go.mod h1:uaf8YgoFazUOkPBG7fxPftUylNumIev9awIWOENIuEg=
github.com/go-chi/chi/v5 v5.0.3 h1:khYQBdPivkYG1s1TAzDQG1f6eX4kD2TItYVZexL5rS4=
github.com/go-chi/chi/v5 v5.0.3/go.mod h1:DslCQbL2OYiznFReuXYUmQ2hGd1aDpCnlMNITLSKoi8=
